
Microsoft Visual Studio Solution File, Format Version 12.00
# Visual Studio Version 17
VisualStudioVersion = 17.8.34408.163
MinimumVisualStudioVersion = 10.0.40219.1
Project("{FAE04EC0-301F-11D3-BF4B-00C04F79EFBC}") = "M03.UF5. AC3", "M03.UF5. AC3.csproj", "{4BF5031F-279F-478C-83F4-C957DE5563E5}"
EndProject
Global
	GlobalSection(SolutionConfigurationPlatforms) = preSolution
		Debug|Any CPU = Debug|Any CPU
		Release|Any CPU = Release|Any CPU
	EndGlobalSection
	GlobalSection(ProjectConfigurationPlatforms) = postSolution
		{4BF5031F-279F-478C-83F4-C957DE5563E5}.Debug|Any CPU.ActiveCfg = Debug|Any CPU
		{4BF5031F-279F-478C-83F4-C957DE5563E5}.Debug|Any CPU.Build.0 = Debug|Any CPU
		{4BF5031F-279F-478C-83F4-C957DE5563E5}.Release|Any CPU.ActiveCfg = Release|Any CPU
		{4BF5031F-279F-478C-83F4-C957DE5563E5}.Release|Any CPU.Build.0 = Release|Any CPU
	EndGlobalSection
	GlobalSection(SolutionProperties) = preSolution
		HideSolutionNode = FALSE
	EndGlobalSection
	GlobalSection(ExtensibilityGlobals) = postSolution
		SolutionGuid = {EEFBD950-B49E-4A22-99DB-2FD9310CD3A1}
	EndGlobalSection
EndGlobal
